// !$*UTF8*$!
{
	archiveVersion = 1;
	classes = {
	};
	objectVersion = 46;
	objects = {

/* Begin PBXBuildFile section */
		C51DC3F218E86DBA0087DFFD /* Foundation.framework in Frameworks */ = {isa = PBXBuildFile; fileRef = C51DC3F118E86DBA0087DFFD /* Foundation.framework */; };
		C51DC3F418E86DBA0087DFFD /* CoreGraphics.framework in Frameworks */ = {isa = PBXBuildFile; fileRef = C51DC3F318E86DBA0087DFFD /* CoreGraphics.framework */; };
		C51DC3F618E86DBA0087DFFD /* UIKit.framework in Frameworks */ = {isa = PBXBuildFile; fileRef = C51DC3F518E86DBA0087DFFD /* UIKit.framework */; };
		C51DC3FC18E86DBA0087DFFD /* InfoPlist.strings in Resources */ = {isa = PBXBuildFile; fileRef = C51DC3FA18E86DBA0087DFFD /* InfoPlist.strings */; };
		C51DC3FE18E86DBA0087DFFD /* main.m in Sources */ = {isa = PBXBuildFile; fileRef = C51DC3FD18E86DBA0087DFFD /* main.m */; };
		C51DC40218E86DBA0087DFFD /* BENAppDelegate.m in Sources */ = {isa = PBXBuildFile; fileRef = C51DC40118E86DBA0087DFFD /* BENAppDelegate.m */; };
		C51DC40418E86DBA0087DFFD /* Images.xcassets in Resources */ = {isa = PBXBuildFile; fileRef = C51DC40318E86DBA0087DFFD /* Images.xcassets */; };
		C51DC42D18E87B830087DFFD /* BENHeaderView.m in Sources */ = {isa = PBXBuildFile; fileRef = C51DC42A18E87B830087DFFD /* BENHeaderView.m */; };
		C51DC42E18E87B830087DFFD /* BENMainController.m in Sources */ = {isa = PBXBuildFile; fileRef = C51DC42C18E87B830087DFFD /* BENMainController.m */; };
		C51DC43518E898800087DFFD /* header.JPG in Resources */ = {isa = PBXBuildFile; fileRef = C51DC43318E898800087DFFD /* header.JPG */; };
		C51DC43618E898800087DFFD /* header@2x.JPG in Resources */ = {isa = PBXBuildFile; fileRef = C51DC43418E898800087DFFD /* header@2x.JPG */; };
		C51DC43918E8C20C0087DFFD /* BENMainView.m in Sources */ = {isa = PBXBuildFile; fileRef = C51DC43818E8C20C0087DFFD /* BENMainView.m */; };
		D299C64FC59A44BDBACE3F0B /* libPods.a in Frameworks */ = {isa = PBXBuildFile; fileRef = BEDDEBBB9FDE4E9CAAE0BF97 /* libPods.a */; };
/* End PBXBuildFile section */

/* Begin PBXFileReference section */
		732FAE6CD1D74D92B953F8AA /* Pods.xcconfig */ = {isa = PBXFileReference; includeInIndex = 1; lastKnownFileType = text.xcconfig; name = Pods.xcconfig; path = Pods/Pods.xcconfig; sourceTree = "<group>"; };
		BEDDEBBB9FDE4E9CAAE0BF97 /* libPods.a */ = {isa = PBXFileReference; explicitFileType = archive.ar; includeInIndex = 0; path = libPods.a; sourceTree = BUILT_PRODUCTS_DIR; };
		C51DC3EE18E86DBA0087DFFD /* BENTweetbotHeader.app */ = {isa = PBXFileReference; explicitFileType = wrapper.application; includeInIndex = 0; path = BENTweetbotHeader.app; sourceTree = BUILT_PRODUCTS_DIR; };
		C51DC3F118E86DBA0087DFFD /* Foundation.framework */ = {isa = PBXFileReference; lastKnownFileType = wrapper.framework; name = Foundation.framework; path = System/Library/Frameworks/Foundation.framework; sourceTree = SDKROOT; };
		C51DC3F318E86DBA0087DFFD /* CoreGraphics.framework */ = {isa = PBXFileReference; lastKnownFileType = wrapper.framework; name = CoreGraphics.framework; path = System/Library/Frameworks/CoreGraphics.framework; sourceTree = SDKROOT; };
		C51DC3F518E86DBA0087DFFD /* UIKit.framework */ = {isa = PBXFileReference; lastKnownFileType = wrapper.framework; name = UIKit.framework; path = System/Library/Frameworks/UIKit.framework; sourceTree = SDKROOT; };
		C51DC3F918E86DBA0087DFFD /* BENTweetbotHeader-Info.plist */ = {isa = PBXFileReference; lastKnownFileType = text.plist.xml; path = "BENTweetbotHeader-Info.plist"; sourceTree = "<group>"; };
		C51DC3FB18E86DBA0087DFFD /* en */ = {isa = PBXFileReference; lastKnownFileType = text.plist.strings; name = en; path = en.lproj/InfoPlist.strings; sourceTree = "<group>"; };
		C51DC3FD18E86DBA0087DFFD /* main.m */ = {isa = PBXFileReference; lastKnownFileType = sourcecode.c.objc; path = main.m; sourceTree = "<group>"; };
		C51DC3FF18E86DBA0087DFFD /* BENTweetbotHeader-Prefix.pch */ = {isa = PBXFileReference; lastKnownFileType = sourcecode.c.h; path = "BENTweetbotHeader-Prefix.pch"; sourceTree = "<group>"; };
		C51DC40018E86DBA0087DFFD /* BENAppDelegate.h */ = {isa = PBXFileReference; lastKnownFileType = sourcecode.c.h; path = BENAppDelegate.h; sourceTree = "<group>"; };
		C51DC40118E86DBA0087DFFD /* BENAppDelegate.m */ = {isa = PBXFileReference; lastKnownFileType = sourcecode.c.objc; path = BENAppDelegate.m; sourceTree = "<group>"; };
		C51DC40318E86DBA0087DFFD /* Images.xcassets */ = {isa = PBXFileReference; lastKnownFileType = folder.assetcatalog; path = Images.xcassets; sourceTree = "<group>"; };
		C51DC40A18E86DBA0087DFFD /* XCTest.framework */ = {isa = PBXFileReference; lastKnownFileType = wrapper.framework; name = XCTest.framework; path = Library/Frameworks/XCTest.framework; sourceTree = DEVELOPER_DIR; };
		C51DC42918E87B830087DFFD /* BENHeaderView.h */ = {isa = PBXFileReference; fileEncoding = 4; lastKnownFileType = sourcecode.c.h; path = BENHeaderView.h; sourceTree = "<group>"; };
		C51DC42A18E87B830087DFFD /* BENHeaderView.m */ = {isa = PBXFileReference; fileEncoding = 4; lastKnownFileType = sourcecode.c.objc; path = BENHeaderView.m; sourceTree = "<group>"; };
		C51DC42B18E87B830087DFFD /* BENMainController.h */ = {isa = PBXFileReference; fileEncoding = 4; lastKnownFileType = sourcecode.c.h; path = BENMainController.h; sourceTree = "<group>"; };
		C51DC42C18E87B830087DFFD /* BENMainController.m */ = {isa = PBXFileReference; fileEncoding = 4; lastKnownFileType = sourcecode.c.objc; path = BENMainController.m; sourceTree = "<group>"; };
		C51DC43318E898800087DFFD /* header.JPG */ = {isa = PBXFileReference; lastKnownFileType = image.jpeg; path = header.JPG; sourceTree = "<group>"; };
		C51DC43418E898800087DFFD /* header@2x.JPG */ = {isa = PBXFileReference; lastKnownFileType = image.jpeg; path = "header@2x.JPG"; sourceTree = "<group>"; };
		C51DC43718E8C20C0087DFFD /* BENMainView.h */ = {isa = PBXFileReference; fileEncoding = 4; lastKnownFileType = sourcecode.c.h; path = BENMainView.h; sourceTree = "<group>"; };
		C51DC43818E8C20C0087DFFD /* BENMainView.m */ = {isa = PBXFileReference; fileEncoding = 4; lastKnownFileType = sourcecode.c.objc; path = BENMainView.m; sourceTree = "<group>"; };
/* End PBXFileReference section */

/* Begin PBXFrameworksBuildPhase section */
		C51DC3EB18E86DBA0087DFFD /* Frameworks */ = {
			isa = PBXFrameworksBuildPhase;
			buildActionMask = 2147483647;
			files = (
				C51DC3F418E86DBA0087DFFD /* CoreGraphics.framework in Frameworks */,
				C51DC3F618E86DBA0087DFFD /* UIKit.framework in Frameworks */,
				C51DC3F218E86DBA0087DFFD /* Foundation.framework in Frameworks */,
				D299C64FC59A44BDBACE3F0B /* libPods.a in Frameworks */,
			);
			runOnlyForDeploymentPostprocessing = 0;
		};
/* End PBXFrameworksBuildPhase section */

/* Begin PBXGroup section */
		C51DC3E518E86DBA0087DFFD = {
			isa = PBXGroup;
			children = (
				C51DC3F718E86DBA0087DFFD /* BENTweetbotHeader */,
				C51DC3F018E86DBA0087DFFD /* Frameworks */,
				C51DC3EF18E86DBA0087DFFD /* Products */,
				732FAE6CD1D74D92B953F8AA /* Pods.xcconfig */,
			);
			sourceTree = "<group>";
		};
		C51DC3EF18E86DBA0087DFFD /* Products */ = {
			isa = PBXGroup;
			children = (
				C51DC3EE18E86DBA0087DFFD /* BENTweetbotHeader.app */,
			);
			name = Products;
			sourceTree = "<group>";
		};
		C51DC3F018E86DBA0087DFFD /* Frameworks */ = {
			isa = PBXGroup;
			children = (
				C51DC3F118E86DBA0087DFFD /* Foundation.framework */,
				C51DC3F318E86DBA0087DFFD /* CoreGraphics.framework */,
				C51DC3F518E86DBA0087DFFD /* UIKit.framework */,
				C51DC40A18E86DBA0087DFFD /* XCTest.framework */,
				BEDDEBBB9FDE4E9CAAE0BF97 /* libPods.a */,
			);
			name = Frameworks;
			sourceTree = "<group>";
		};
		C51DC3F718E86DBA0087DFFD /* BENTweetbotHeader */ = {
			isa = PBXGroup;
			children = (
				C51DC40018E86DBA0087DFFD /* BENAppDelegate.h */,
				C51DC40118E86DBA0087DFFD /* BENAppDelegate.m */,
				C51DC42B18E87B830087DFFD /* BENMainController.h */,
				C51DC42C18E87B830087DFFD /* BENMainController.m */,
				C51DC43718E8C20C0087DFFD /* BENMainView.h */,
				C51DC43818E8C20C0087DFFD /* BENMainView.m */,
				C51DC42918E87B830087DFFD /* BENHeaderView.h */,
				C51DC42A18E87B830087DFFD /* BENHeaderView.m */,
				C51DC40318E86DBA0087DFFD /* Images.xcassets */,
				C51DC43318E898800087DFFD /* header.JPG */,
				C51DC43418E898800087DFFD /* header@2x.JPG */,
				C51DC3F818E86DBA0087DFFD /* Supporting Files */,
			);
			path = BENTweetbotHeader;
			sourceTree = "<group>";
		};
		C51DC3F818E86DBA0087DFFD /* Supporting Files */ = {
			isa = PBXGroup;
			children = (
				C51DC3F918E86DBA0087DFFD /* BENTweetbotHeader-Info.plist */,
				C51DC3FA18E86DBA0087DFFD /* InfoPlist.strings */,
				C51DC3FD18E86DBA0087DFFD /* main.m */,
				C51DC3FF18E86DBA0087DFFD /* BENTweetbotHeader-Prefix.pch */,
			);
			name = "Supporting Files";
			sourceTree = "<group>";
		};
/* End PBXGroup section */

/* Begin PBXNativeTarget section */
		C51DC3ED18E86DBA0087DFFD /* BENTweetbotHeader */ = {
			isa = PBXNativeTarget;
			buildConfigurationList = C51DC41A18E86DBA0087DFFD /* Build configuration list for PBXNativeTarget "BENTweetbotHeader" */;
			buildPhases = (
				E2C9694E0F084AA4846B4BEB /* Check Pods Manifest.lock */,
				C51DC3EA18E86DBA0087DFFD /* Sources */,
				C51DC3EB18E86DBA0087DFFD /* Frameworks */,
				C51DC3EC18E86DBA0087DFFD /* Resources */,
				36995D12EC534589AB05910D /* Copy Pods Resources */,
			);
			buildRules = (
			);
			dependencies = (
			);
			name = BENTweetbotHeader;
			productName = BENTweetbotHeader;
			productReference = C51DC3EE18E86DBA0087DFFD /* BENTweetbotHeader.app */;
			productType = "com.apple.product-type.application";
		};
/* End PBXNativeTarget section */

/* Begin PBXProject section */
		C51DC3E618E86DBA0087DFFD /* Project object */ = {
			isa = PBXProject;
			attributes = {
				CLASSPREFIX = BEN;
				LastUpgradeCheck = 0510;
				ORGANIZATIONNAME = "Ben Packard";
			};
			buildConfigurationList = C51DC3E918E86DBA0087DFFD /* Build configuration list for PBXProject "BENTweetbotHeader" */;
			compatibilityVersion = "Xcode 3.2";
			developmentRegion = English;
			hasScannedForEncodings = 0;
			knownRegions = (
				en,
			);
			mainGroup = C51DC3E518E86DBA0087DFFD;
			productRefGroup = C51DC3EF18E86DBA0087DFFD /* Products */;
			projectDirPath = "";
			projectRoot = "";
			targets = (
				C51DC3ED18E86DBA0087DFFD /* BENTweetbotHeader */,
			);
		};
/* End PBXProject section */

/* Begin PBXResourcesBuildPhase section */
		C51DC3EC18E86DBA0087DFFD /* Resources */ = {
			isa = PBXResourcesBuildPhase;
			buildActionMask = 2147483647;
			files = (
				C51DC3FC18E86DBA0087DFFD /* InfoPlist.strings in Resources */,
				C51DC43518E898800087DFFD /* header.JPG in Resources */,
				C51DC40418E86DBA0087DFFD /* Images.xcassets in Resources */,
				C51DC43618E898800087DFFD /* header@2x.JPG in Resources */,
			);
			runOnlyForDeploymentPostprocessing = 0;
		};
/* End PBXResourcesBuildPhase section */

/* Begin PBXShellScriptBuildPhase section */
		36995D12EC534589AB05910D /* Copy Pods Resources */ = {
			isa = PBXShellScriptBuildPhase;
			buildActionMask = 2147483647;
			files = (
			);
			inputPaths = (
			);
			name = "Copy Pods Resources";
			outputPaths = (
			);
			runOnlyForDeploymentPostprocessing = 0;
			shellPath = /bin/sh;
			shellScript = "\"${SRCROOT}/Pods/Pods-resources.sh\"\n";
			showEnvVarsInLog = 0;
		};
		E2C9694E0F084AA4846B4BEB /* Check Pods Manifest.lock */ = {
			isa = PBXShellScriptBuildPhase;
			buildActionMask = 2147483647;
			files = (
			);
			inputPaths = (
			);
			name = "Check Pods Manifest.lock";
			outputPaths = (
			);
			runOnlyForDeploymentPostprocessing = 0;
			shellPath = /bin/sh;
			shellScript = "diff \"${PODS_ROOT}/../Podfile.lock\" \"${PODS_ROOT}/Manifest.lock\" > /dev/null\nif [[ $? != 0 ]] ; then\n    cat << EOM\nerror: The sandbox is not in sync with the Podfile.lock. Run 'pod install' or update your CocoaPods installation.\nEOM\n    exit 1\nfi\n";
			showEnvVarsInLog = 0;
		};
/* End PBXShellScriptBuildPhase section */

/* Begin PBXSourcesBuildPhase section */
		C51DC3EA18E86DBA0087DFFD /* Sources */ = {
			isa = PBXSourcesBuildPhase;
			buildActionMask = 2147483647;
			files = (
				C51DC43918E8C20C0087DFFD /* BENMainView.m in Sources */,
				C51DC42E18E87B830087DFFD /* BENMainController.m in Sources */,
				C51DC40218E86DBA0087DFFD /* BENAppDelegate.m in Sources */,
				C51DC3FE18E86DBA0087DFFD /* main.m in Sources */,
				C51DC42D18E87B830087DFFD /* BENHeaderView.m in Sources */,
			);
			runOnlyForDeploymentPostprocessing = 0;
		};
/* End PBXSourcesBuildPhase section */

/* Begin PBXVariantGroup section */
		C51DC3FA18E86DBA0087DFFD /* InfoPlist.strings */ = {
			isa = PBXVariantGroup;
			children = (
				C51DC3FB18E86DBA0087DFFD /* en */,
			);
			name = InfoPlist.strings;
			sourceTree = "<group>";
		};
/* End PBXVariantGroup section */

/* Begin XCBuildConfiguration section */
		C51DC41818E86DBA0087DFFD /* Debug */ = {
			isa = XCBuildConfiguration;
			buildSettings = {
				ALWAYS_SEARCH_USER_PATHS = NO;
				CLANG_CXX_LANGUAGE_STANDARD = "gnu++0x";
				CLANG_CXX_LIBRARY = "libc++";
				CLANG_ENABLE_MODULES = YES;
				CLANG_ENABLE_OBJC_ARC = YES;
				CLANG_WARN_BOOL_CONVERSION = YES;
				CLANG_WARN_CONSTANT_CONVERSION = YES;
				CLANG_WARN_DIRECT_OBJC_ISA_USAGE = YES_ERROR;
				CLANG_WARN_EMPTY_BODY = YES;
				CLANG_WARN_ENUM_CONVERSION = YES;
				CLANG_WARN_INT_CONVERSION = YES;
				CLANG_WARN_OBJC_ROOT_CLASS = YES_ERROR;
				CLANG_WARN__DUPLICATE_METHOD_MATCH = YES;
				"CODE_SIGN_IDENTITY[sdk=iphoneos*]" = "iPhone Developer";
				COPY_PHASE_STRIP = NO;
				GCC_C_LANGUAGE_STANDARD = gnu99;
				GCC_DYNAMIC_NO_PIC = NO;
				GCC_OPTIMIZATION_LEVEL = 0;
				GCC_PREPROCESSOR_DEFINITIONS = (
					"DEBUG=1",
					"$(inherited)",
				);
				GCC_SYMBOLS_PRIVATE_EXTERN = NO;
				GCC_WARN_64_TO_32_BIT_CONVERSION = YES;
				GCC_WARN_ABOUT_RETURN_TYPE = YES_ERROR;
				GCC_WARN_UNDECLARED_SELECTOR = YES;
				GCC_WARN_UNINITIALIZED_AUTOS = YES_AGGRESSIVE;
				GCC_WARN_UNUSED_FUNCTION = YES;
				GCC_WARN_UNUSED_VARIABLE = YES;
				IPHONEOS_DEPLOYMENT_TARGET = 7.1;
				ONLY_ACTIVE_ARCH = YES;
				SDKROOT = iphoneos;
			};
			name = Debug;
		};
		C51DC41918E86DBA0087DFFD /* Release */ = {
			isa = XCBuildConfiguration;
			buildSettings = {
				ALWAYS_SEARCH_USER_PATHS = NO;
				CLANG_CXX_LANGUAGE_STANDARD = "gnu++0x";
				CLANG_CXX_LIBRARY = "libc++";
				CLANG_ENABLE_MODULES = YES;
				CLANG_ENABLE_OBJC_ARC = YES;
				CLANG_WARN_BOOL_CONVERSION = YES;
				CLANG_WARN_CONSTANT_CONVERSION = YES;
				CLANG_WARN_DIRECT_OBJC_ISA_USAGE = YES_ERROR;
				CLANG_WARN_EMPTY_BODY = YES;
				CLANG_WARN_ENUM_CONVERSION = YES;
				CLANG_WARN_INT_CONVERSION = YES;
				CLANG_WARN_OBJC_ROOT_CLASS = YES_ERROR;
				CLANG_WARN__DUPLICATE_METHOD_MATCH = YES;
				"CODE_SIGN_IDENTITY[sdk=iphoneos*]" = "iPhone Developer";
				COPY_PHASE_STRIP = YES;
				ENABLE_NS_ASSERTIONS = NO;
				GCC_C_LANGUAGE_STANDARD = gnu99;
				GCC_WARN_64_TO_32_BIT_CONVERSION = YES;
				GCC_WARN_ABOUT_RETURN_TYPE = YES_ERROR;
				GCC_WARN_UNDECLARED_SELECTOR = YES;
				GCC_WARN_UNINITIALIZED_AUTOS = YES_AGGRESSIVE;
				GCC_WARN_UNUSED_FUNCTION = YES;
				GCC_WARN_UNUSED_VARIABLE = YES;
				IPHONEOS_DEPLOYMENT_TARGET = 7.1;
				SDKROOT = iphoneos;
				VALIDATE_PRODUCT = YES;
			};
			name = Release;
		};
		C51DC41B18E86DBA0087DFFD /* Debug */ = {
			isa = XCBuildConfiguration;
			baseConfigurationReference = 732FAE6CD1D74D92B953F8AA /* Pods.xcconfig */;
			buildSettings = {
				ASSETCATALOG_COMPILER_APPICON_NAME = AppIcon;
				ASSETCATALOG_COMPILER_LAUNCHIMAGE_NAME = LaunchImage;
				GCC_PRECOMPILE_PREFIX_HEADER = YES;
				GCC_PREFIX_HEADER = "BENTweetbotHeader/BENTweetbotHeader-Prefix.pch";
				INFOPLIST_FILE = "BENTweetbotHeader/BENTweetbotHeader-Info.plist";
				PRODUCT_NAME = "$(TARGET_NAME)";
				WRAPPER_EXTENSION = app;
			};
			name = Debug;
		};
		C51DC41C18E86DBA0087DFFD /* Release */ = {
			isa = XCBuildConfiguration;
			baseConfigurationReference = 732FAE6CD1D74D92B953F8AA /* Pods.xcconfig */;
			buildSettings = {
				ASSETCATALOG_COMPILER_APPICON_NAME = AppIcon;
				ASSETCATALOG_COMPILER_LAUNCHIMAGE_NAME = LaunchImage;
				GCC_PRECOMPILE_PREFIX_HEADER = YES;
				GCC_PREFIX_HEADER = "BENTweetbotHeader/BENTweetbotHeader-Prefix.pch";
				INFOPLIST_FILE = "BENTweetbotHeader/BENTweetbotHeader-Info.plist";
				PRODUCT_NAME = "$(TARGET_NAME)";
				WRAPPER_EXTENSION = app;
			};
			name = Release;
		};
/* End XCBuildConfiguration section */

/* Begin XCConfigurationList section */
		C51DC3E918E86DBA0087DFFD /* Build configuration list for PBXProject "BENTweetbotHeader" */ = {
			isa = XCConfigurationList;
			buildConfigurations = (
				C51DC41818E86DBA0087DFFD /* Debug */,
				C51DC41918E86DBA0087DFFD /* Release */,
			);
			defaultConfigurationIsVisible = 0;
			defaultConfigurationName = Release;
		};
		C51DC41A18E86DBA0087DFFD /* Build configuration list for PBXNativeTarget "BENTweetbotHeader" */ = {
			isa = XCConfigurationList;
			buildConfigurations = (
				C51DC41B18E86DBA0087DFFD /* Debug */,
				C51DC41C18E86DBA0087DFFD /* Release */,
			);
			defaultConfigurationIsVisible = 0;
			defaultConfigurationName = Release;
		};
/* End XCConfigurationList section */
	};
	rootObject = C51DC3E618E86DBA0087DFFD /* Project object */;
}
